
Microsoft Visual Studio Solution File, Format Version 10.00
# Visual Studio 2008
Project("{FAE04EC0-301F-11D3-BF4B-00C04F79EFBC}") = "SPMWebApp", "SPMWebApp\SPMWebApp.csproj", "{3960AFFE-8EF7-4E36-BBE2-3DFCE0E371B4}"
EndProject
Project("{FAE04EC0-301F-11D3-BF4B-00C04F79EFBC}") = "SPMWebServiceApp", "SPMWebServiceApp\SPMWebServiceApp.csproj", "{ADFAADAC-3534-47F9-A346-AF95DD90FD4F}"
EndProject
Global
	GlobalSection(SolutionConfigurationPlatforms) = preSolution
		Debug|Any CPU = Debug|Any CPU
		Release|Any CPU = Release|Any CPU
	EndGlobalSection
	GlobalSection(ProjectConfigurationPlatforms) = postSolution
		{3960AFFE-8EF7-4E36-BBE2-3DFCE0E371B4}.Debug|Any CPU.ActiveCfg = Debug|Any CPU
		{3960AFFE-8EF7-4E36-BBE2-3DFCE0E371B4}.Debug|Any CPU.Build.0 = Debug|Any CPU
		{3960AFFE-8EF7-4E36-BBE2-3DFCE0E371B4}.Release|Any CPU.ActiveCfg = Release|Any CPU
		{3960AFFE-8EF7-4E36-BBE2-3DFCE0E371B4}.Release|Any CPU.Build.0 = Release|Any CPU
		{ADFAADAC-3534-47F9-A346-AF95DD90FD4F}.Debug|Any CPU.ActiveCfg = Debug|Any CPU
		{ADFAADAC-3534-47F9-A346-AF95DD90FD4F}.Debug|Any CPU.Build.0 = Debug|Any CPU
		{ADFAADAC-3534-47F9-A346-AF95DD90FD4F}.Release|Any CPU.ActiveCfg = Release|Any CPU
		{ADFAADAC-3534-47F9-A346-AF95DD90FD4F}.Release|Any CPU.Build.0 = Release|Any CPU
	EndGlobalSection
	GlobalSection(SolutionProperties) = preSolution
		HideSolutionNode = FALSE
	EndGlobalSection
EndGlobal
