
Microsoft Visual Studio Solution File, Format Version 10.00
# Visual Studio 2008
Project("{FAE04EC0-301F-11D3-BF4B-00C04F79EFBC}") = "SPM", "SPM\SPM.csproj", "{33CD6FD4-4A24-4B73-AA12-7EB5085790EC}"
EndProject
Project("{FAE04EC0-301F-11D3-BF4B-00C04F79EFBC}") = "SPM.BusinessLogic", "SPM.BusinessLogic\SPM.BusinessLogic.csproj", "{B049F750-24FF-4427-A5EA-C1F8568F51D5}"
EndProject
Project("{FAE04EC0-301F-11D3-BF4B-00C04F79EFBC}") = "SPM.DataAccess", "SPM.DataAccess\SPM.DataAccess.csproj", "{280864A8-64E5-4487-8357-5A614D194232}"
EndProject
Project("{FAE04EC0-301F-11D3-BF4B-00C04F79EFBC}") = "SPM.Common", "SPM.Common\SPM.Common.csproj", "{F990AC6D-46A2-460A-A2BF-CA56C9C68CE3}"
EndProject
Project("{FAE04EC0-301F-11D3-BF4B-00C04F79EFBC}") = "SPM.Interface", "SPM.Interface\SPM.Interface.csproj", "{99F0BF58-44FA-4944-AF25-07CDFD3AD862}"
EndProject
Global
	GlobalSection(TestCaseManagementSettings) = postSolution
		CategoryFile = SPM (POEMSAdmin).vsmdi
	EndGlobalSection
	GlobalSection(SolutionConfigurationPlatforms) = preSolution
		Debug|Any CPU = Debug|Any CPU
		Release|Any CPU = Release|Any CPU
	EndGlobalSection
	GlobalSection(ProjectConfigurationPlatforms) = postSolution
		{33CD6FD4-4A24-4B73-AA12-7EB5085790EC}.Debug|Any CPU.ActiveCfg = Debug|Any CPU
		{33CD6FD4-4A24-4B73-AA12-7EB5085790EC}.Debug|Any CPU.Build.0 = Debug|Any CPU
		{33CD6FD4-4A24-4B73-AA12-7EB5085790EC}.Release|Any CPU.ActiveCfg = Release|Any CPU
		{33CD6FD4-4A24-4B73-AA12-7EB5085790EC}.Release|Any CPU.Build.0 = Release|Any CPU
		{B049F750-24FF-4427-A5EA-C1F8568F51D5}.Debug|Any CPU.ActiveCfg = Debug|Any CPU
		{B049F750-24FF-4427-A5EA-C1F8568F51D5}.Debug|Any CPU.Build.0 = Debug|Any CPU
		{B049F750-24FF-4427-A5EA-C1F8568F51D5}.Release|Any CPU.ActiveCfg = Release|Any CPU
		{B049F750-24FF-4427-A5EA-C1F8568F51D5}.Release|Any CPU.Build.0 = Release|Any CPU
		{280864A8-64E5-4487-8357-5A614D194232}.Debug|Any CPU.ActiveCfg = Debug|Any CPU
		{280864A8-64E5-4487-8357-5A614D194232}.Debug|Any CPU.Build.0 = Debug|Any CPU
		{280864A8-64E5-4487-8357-5A614D194232}.Release|Any CPU.ActiveCfg = Release|Any CPU
		{280864A8-64E5-4487-8357-5A614D194232}.Release|Any CPU.Build.0 = Release|Any CPU
		{F990AC6D-46A2-460A-A2BF-CA56C9C68CE3}.Debug|Any CPU.ActiveCfg = Debug|Any CPU
		{F990AC6D-46A2-460A-A2BF-CA56C9C68CE3}.Debug|Any CPU.Build.0 = Debug|Any CPU
		{F990AC6D-46A2-460A-A2BF-CA56C9C68CE3}.Release|Any CPU.ActiveCfg = Release|Any CPU
		{F990AC6D-46A2-460A-A2BF-CA56C9C68CE3}.Release|Any CPU.Build.0 = Release|Any CPU
		{99F0BF58-44FA-4944-AF25-07CDFD3AD862}.Debug|Any CPU.ActiveCfg = Debug|Any CPU
		{99F0BF58-44FA-4944-AF25-07CDFD3AD862}.Debug|Any CPU.Build.0 = Debug|Any CPU
		{99F0BF58-44FA-4944-AF25-07CDFD3AD862}.Release|Any CPU.ActiveCfg = Release|Any CPU
		{99F0BF58-44FA-4944-AF25-07CDFD3AD862}.Release|Any CPU.Build.0 = Release|Any CPU
	EndGlobalSection
	GlobalSection(SolutionProperties) = preSolution
		HideSolutionNode = FALSE
	EndGlobalSection
EndGlobal
